
Microsoft Visual Studio Solution File, Format Version 12.00
# Visual Studio Version 17
VisualStudioVersion = 17.13.35913.81 d17.13
MinimumVisualStudioVersion = 10.0.40219.1
Project("{FAE04EC0-301F-11D3-BF4B-00C04F79EFBC}") = "CalculatorMethods", "CalculatorMethods.csproj", "{5F8093C0-AC3F-4144-850D-718105DD4602}"
EndProject
Global
	GlobalSection(SolutionConfigurationPlatforms) = preSolution
		Debug|Any CPU = Debug|Any CPU
		Release|Any CPU = Release|Any CPU
	EndGlobalSection
	GlobalSection(ProjectConfigurationPlatforms) = postSolution
		{5F8093C0-AC3F-4144-850D-718105DD4602}.Debug|Any CPU.ActiveCfg = Debug|Any CPU
		{5F8093C0-AC3F-4144-850D-718105DD4602}.Debug|Any CPU.Build.0 = Debug|Any CPU
		{5F8093C0-AC3F-4144-850D-718105DD4602}.Release|Any CPU.ActiveCfg = Release|Any CPU
		{5F8093C0-AC3F-4144-850D-718105DD4602}.Release|Any CPU.Build.0 = Release|Any CPU
	EndGlobalSection
	GlobalSection(SolutionProperties) = preSolution
		HideSolutionNode = FALSE
	EndGlobalSection
	GlobalSection(ExtensibilityGlobals) = postSolution
		SolutionGuid = {03D75660-578D-4EDD-9A10-9B45914F2AA4}
	EndGlobalSection
EndGlobal
